
Microsoft Visual Studio Solution File, Format Version 12.00
# Visual Studio Version 17
VisualStudioVersion = 17.8.34309.116
MinimumVisualStudioVersion = 10.0.40219.1
Project("{9A19103F-16F7-4668-BE54-9A1E7A4F7556}") = "SigmalRDemo", "SigmalRDemo\SigmalRDemo.csproj", "{B38C8BEE-2371-4C06-9F74-34435199F3B4}"
EndProject
Project("{9A19103F-16F7-4668-BE54-9A1E7A4F7556}") = "SignalRDemo.Data", "SignalRDemo.Data\SignalRDemo.Data.csproj", "{42AD250B-0B87-4AF4-B1CF-9FA16B7AB5BB}"
EndProject
Project("{9A19103F-16F7-4668-BE54-9A1E7A4F7556}") = "SignalRDemo.Service", "SignalRDemo.Service\SignalRDemo.Service.csproj", "{7B079E0D-66D9-4AAA-A959-AEE3EA6FB124}"
EndProject
Project("{9A19103F-16F7-4668-BE54-9A1E7A4F7556}") = "SignalRDemo.Repository", "SignalRDemo.Repository\SignalRDemo.Repository.csproj", "{7172AABC-F3EB-43D2-8A45-135174AFB6B7}"
EndProject
Project("{9A19103F-16F7-4668-BE54-9A1E7A4F7556}") = "NunitTestProject1", "NunitTestProject1\NunitTestProject1.csproj", "{4738E09E-7977-4F99-9991-65CD8114E82C}"
EndProject
Global
	GlobalSection(SolutionConfigurationPlatforms) = preSolution
		Debug|Any CPU = Debug|Any CPU
		Release|Any CPU = Release|Any CPU
	EndGlobalSection
	GlobalSection(ProjectConfigurationPlatforms) = postSolution
		{B38C8BEE-2371-4C06-9F74-34435199F3B4}.Debug|Any CPU.ActiveCfg = Debug|Any CPU
		{B38C8BEE-2371-4C06-9F74-34435199F3B4}.Debug|Any CPU.Build.0 = Debug|Any CPU
		{B38C8BEE-2371-4C06-9F74-34435199F3B4}.Release|Any CPU.ActiveCfg = Release|Any CPU
		{B38C8BEE-2371-4C06-9F74-34435199F3B4}.Release|Any CPU.Build.0 = Release|Any CPU
		{42AD250B-0B87-4AF4-B1CF-9FA16B7AB5BB}.Debug|Any CPU.ActiveCfg = Debug|Any CPU
		{42AD250B-0B87-4AF4-B1CF-9FA16B7AB5BB}.Debug|Any CPU.Build.0 = Debug|Any CPU
		{42AD250B-0B87-4AF4-B1CF-9FA16B7AB5BB}.Release|Any CPU.ActiveCfg = Release|Any CPU
		{42AD250B-0B87-4AF4-B1CF-9FA16B7AB5BB}.Release|Any CPU.Build.0 = Release|Any CPU
		{7B079E0D-66D9-4AAA-A959-AEE3EA6FB124}.Debug|Any CPU.ActiveCfg = Debug|Any CPU
		{7B079E0D-66D9-4AAA-A959-AEE3EA6FB124}.Debug|Any CPU.Build.0 = Debug|Any CPU
		{7B079E0D-66D9-4AAA-A959-AEE3EA6FB124}.Release|Any CPU.ActiveCfg = Release|Any CPU
		{7B079E0D-66D9-4AAA-A959-AEE3EA6FB124}.Release|Any CPU.Build.0 = Release|Any CPU
		{7172AABC-F3EB-43D2-8A45-135174AFB6B7}.Debug|Any CPU.ActiveCfg = Debug|Any CPU
		{7172AABC-F3EB-43D2-8A45-135174AFB6B7}.Debug|Any CPU.Build.0 = Debug|Any CPU
		{7172AABC-F3EB-43D2-8A45-135174AFB6B7}.Release|Any CPU.ActiveCfg = Release|Any CPU
		{7172AABC-F3EB-43D2-8A45-135174AFB6B7}.Release|Any CPU.Build.0 = Release|Any CPU
		{4738E09E-7977-4F99-9991-65CD8114E82C}.Debug|Any CPU.ActiveCfg = Debug|Any CPU
		{4738E09E-7977-4F99-9991-65CD8114E82C}.Debug|Any CPU.Build.0 = Debug|Any CPU
		{4738E09E-7977-4F99-9991-65CD8114E82C}.Release|Any CPU.ActiveCfg = Release|Any CPU
		{4738E09E-7977-4F99-9991-65CD8114E82C}.Release|Any CPU.Build.0 = Release|Any CPU
	EndGlobalSection
	GlobalSection(SolutionProperties) = preSolution
		HideSolutionNode = FALSE
	EndGlobalSection
	GlobalSection(ExtensibilityGlobals) = postSolution
		SolutionGuid = {A6F297DC-7153-42A9-BA15-A1DF6B2B1E73}
	EndGlobalSection
EndGlobal
